// !$*UTF8*$!
{
	archiveVersion = 1;
	classes = {
	};
	objectVersion = 56;
	objects = {

/* Begin PBXBuildFile section */
		D08B0CD6289DDCCC008EA269 /* OVMS-Watch Watch App.app in Embed Watch Content */ = {isa = PBXBuildFile; fileRef = D08B0CD5289DDCCC008EA269 /* OVMS-Watch Watch App.app */; settings = {ATTRIBUTES = (RemoveHeadersOnCopy, ); }; };
		D08B0CDB289DDCCC008EA269 /* OVMS_WatchApp.swift in Sources */ = {isa = PBXBuildFile; fileRef = D08B0CDA289DDCCC008EA269 /* OVMS_WatchApp.swift */; };
		D08B0CDD289DDCCD008EA269 /* ContentView.swift in Sources */ = {isa = PBXBuildFile; fileRef = D08B0CDC289DDCCD008EA269 /* ContentView.swift */; };
		D08B0CDF289DDCCF008EA269 /* Assets.xcassets in Resources */ = {isa = PBXBuildFile; fileRef = D08B0CDE289DDCCF008EA269 /* Assets.xcassets */; };
		D08B0CE2289DDCCF008EA269 /* Preview Assets.xcassets in Resources */ = {isa = PBXBuildFile; fileRef = D08B0CE1289DDCCF008EA269 /* Preview Assets.xcassets */; };
		D08B0CF4289DE6C1008EA269 /* StatusData.swift in Sources */ = {isa = PBXBuildFile; fileRef = D08B0CEE289DE6C0008EA269 /* StatusData.swift */; };
		D08B0CF5289DE6C1008EA269 /* ChargeData.swift in Sources */ = {isa = PBXBuildFile; fileRef = D08B0CEF289DE6C0008EA269 /* ChargeData.swift */; };
		D08B0CF6289DE6C1008EA269 /* TokenData.swift in Sources */ = {isa = PBXBuildFile; fileRef = D08B0CF0289DE6C0008EA269 /* TokenData.swift */; };
		D08B0CF7289DE6C1008EA269 /* VehicleData.swift in Sources */ = {isa = PBXBuildFile; fileRef = D08B0CF1289DE6C0008EA269 /* VehicleData.swift */; };
		D08B0CF8289DE6C1008EA269 /* LocationData.swift in Sources */ = {isa = PBXBuildFile; fileRef = D08B0CF2289DE6C0008EA269 /* LocationData.swift */; };
		D08B0CFB289DEA1E008EA269 /* ServerData.swift in Sources */ = {isa = PBXBuildFile; fileRef = D08B0CFA289DEA1E008EA269 /* ServerData.swift */; };
		D08B0CFF289DEAD0008EA269 /* KeychainService.swift in Sources */ = {isa = PBXBuildFile; fileRef = D08B0CFD289DEAD0008EA269 /* KeychainService.swift */; };
		D08B0D00289DEAD0008EA269 /* TimeConvert.swift in Sources */ = {isa = PBXBuildFile; fileRef = D08B0CFE289DEAD0008EA269 /* TimeConvert.swift */; };
		D08B0D02289DF061008EA269 /* ProgressBar.swift in Sources */ = {isa = PBXBuildFile; fileRef = D08B0D01289DF061008EA269 /* ProgressBar.swift */; };
		D08B0D04289DF29F008EA269 /* SubView.swift in Sources */ = {isa = PBXBuildFile; fileRef = D08B0D03289DF29F008EA269 /* SubView.swift */; };
/* End PBXBuildFile section */

/* Begin PBXContainerItemProxy section */
		D08B0CD7289DDCCC008EA269 /* PBXContainerItemProxy */ = {
			isa = PBXContainerItemProxy;
			containerPortal = D08B0CC9289DDCCC008EA269 /* Project object */;
			proxyType = 1;
			remoteGlobalIDString = D08B0CD4289DDCCC008EA269;
			remoteInfo = "OVMS-Watch Watch App";
		};
/* End PBXContainerItemProxy section */

/* Begin PBXCopyFilesBuildPhase section */
		D08B0CE8289DDCCF008EA269 /* Embed Watch Content */ = {
			isa = PBXCopyFilesBuildPhase;
			buildActionMask = 2147483647;
			dstPath = "$(CONTENTS_FOLDER_PATH)/Watch";
			dstSubfolderSpec = 16;
			files = (
				D08B0CD6289DDCCC008EA269 /* OVMS-Watch Watch App.app in Embed Watch Content */,
			);
			name = "Embed Watch Content";
			runOnlyForDeploymentPostprocessing = 0;
		};
/* End PBXCopyFilesBuildPhase section */

/* Begin PBXFileReference section */
		D08B0CCF289DDCCC008EA269 /* OVMS-Watch.app */ = {isa = PBXFileReference; explicitFileType = wrapper.application; includeInIndex = 0; path = "OVMS-Watch.app"; sourceTree = BUILT_PRODUCTS_DIR; };
		D08B0CD5289DDCCC008EA269 /* OVMS-Watch Watch App.app */ = {isa = PBXFileReference; explicitFileType = wrapper.application; includeInIndex = 0; path = "OVMS-Watch Watch App.app"; sourceTree = BUILT_PRODUCTS_DIR; };
		D08B0CDA289DDCCC008EA269 /* OVMS_WatchApp.swift */ = {isa = PBXFileReference; lastKnownFileType = sourcecode.swift; path = OVMS_WatchApp.swift; sourceTree = "<group>"; };
		D08B0CDC289DDCCD008EA269 /* ContentView.swift */ = {isa = PBXFileReference; lastKnownFileType = sourcecode.swift; path = ContentView.swift; sourceTree = "<group>"; };
		D08B0CDE289DDCCF008EA269 /* Assets.xcassets */ = {isa = PBXFileReference; lastKnownFileType = folder.assetcatalog; path = Assets.xcassets; sourceTree = "<group>"; };
		D08B0CE1289DDCCF008EA269 /* Preview Assets.xcassets */ = {isa = PBXFileReference; lastKnownFileType = folder.assetcatalog; path = "Preview Assets.xcassets"; sourceTree = "<group>"; };
		D08B0CEE289DE6C0008EA269 /* StatusData.swift */ = {isa = PBXFileReference; fileEncoding = 4; lastKnownFileType = sourcecode.swift; path = StatusData.swift; sourceTree = "<group>"; };
		D08B0CEF289DE6C0008EA269 /* ChargeData.swift */ = {isa = PBXFileReference; fileEncoding = 4; lastKnownFileType = sourcecode.swift; path = ChargeData.swift; sourceTree = "<group>"; };
		D08B0CF0289DE6C0008EA269 /* TokenData.swift */ = {isa = PBXFileReference; fileEncoding = 4; lastKnownFileType = sourcecode.swift; path = TokenData.swift; sourceTree = "<group>"; };
		D08B0CF1289DE6C0008EA269 /* VehicleData.swift */ = {isa = PBXFileReference; fileEncoding = 4; lastKnownFileType = sourcecode.swift; path = VehicleData.swift; sourceTree = "<group>"; };
		D08B0CF2289DE6C0008EA269 /* LocationData.swift */ = {isa = PBXFileReference; fileEncoding = 4; lastKnownFileType = sourcecode.swift; path = LocationData.swift; sourceTree = "<group>"; };
		D08B0CFA289DEA1E008EA269 /* ServerData.swift */ = {isa = PBXFileReference; lastKnownFileType = sourcecode.swift; path = ServerData.swift; sourceTree = "<group>"; };
		D08B0CFD289DEAD0008EA269 /* KeychainService.swift */ = {isa = PBXFileReference; fileEncoding = 4; lastKnownFileType = sourcecode.swift; path = KeychainService.swift; sourceTree = "<group>"; };
		D08B0CFE289DEAD0008EA269 /* TimeConvert.swift */ = {isa = PBXFileReference; fileEncoding = 4; lastKnownFileType = sourcecode.swift; path = TimeConvert.swift; sourceTree = "<group>"; };
		D08B0D01289DF061008EA269 /* ProgressBar.swift */ = {isa = PBXFileReference; fileEncoding = 4; lastKnownFileType = sourcecode.swift; path = ProgressBar.swift; sourceTree = "<group>"; };
		D08B0D03289DF29F008EA269 /* SubView.swift */ = {isa = PBXFileReference; fileEncoding = 4; lastKnownFileType = sourcecode.swift; path = SubView.swift; sourceTree = "<group>"; };
/* End PBXFileReference section */

/* Begin PBXFrameworksBuildPhase section */
		D08B0CD2289DDCCC008EA269 /* Frameworks */ = {
			isa = PBXFrameworksBuildPhase;
			buildActionMask = 2147483647;
			files = (
			);
			runOnlyForDeploymentPostprocessing = 0;
		};
/* End PBXFrameworksBuildPhase section */

/* Begin PBXGroup section */
		D08B0CC8289DDCCC008EA269 = {
			isa = PBXGroup;
			children = (
				D08B0CD9289DDCCC008EA269 /* OVMS-Watch Watch App */,
				D08B0CD0289DDCCC008EA269 /* Products */,
			);
			sourceTree = "<group>";
		};
		D08B0CD0289DDCCC008EA269 /* Products */ = {
			isa = PBXGroup;
			children = (
				D08B0CCF289DDCCC008EA269 /* OVMS-Watch.app */,
				D08B0CD5289DDCCC008EA269 /* OVMS-Watch Watch App.app */,
			);
			name = Products;
			sourceTree = "<group>";
		};
		D08B0CD9289DDCCC008EA269 /* OVMS-Watch Watch App */ = {
			isa = PBXGroup;
			children = (
				D08B0CDA289DDCCC008EA269 /* OVMS_WatchApp.swift */,
				D08B0CEC289DE5E3008EA269 /* Views */,
				D08B0CED289DE5F5008EA269 /* Models */,
				D08B0CFC289DEA94008EA269 /* Helpers */,
				D08B0CDE289DDCCF008EA269 /* Assets.xcassets */,
				D08B0CE0289DDCCF008EA269 /* Preview Content */,
			);
			path = "OVMS-Watch Watch App";
			sourceTree = "<group>";
		};
		D08B0CE0289DDCCF008EA269 /* Preview Content */ = {
			isa = PBXGroup;
			children = (
				D08B0CE1289DDCCF008EA269 /* Preview Assets.xcassets */,
			);
			path = "Preview Content";
			sourceTree = "<group>";
		};
		D08B0CEC289DE5E3008EA269 /* Views */ = {
			isa = PBXGroup;
			children = (
				D08B0D03289DF29F008EA269 /* SubView.swift */,
				D08B0D01289DF061008EA269 /* ProgressBar.swift */,
				D08B0CDC289DDCCD008EA269 /* ContentView.swift */,
			);
			path = Views;
			sourceTree = "<group>";
		};
		D08B0CED289DE5F5008EA269 /* Models */ = {
			isa = PBXGroup;
			children = (
				D08B0CFA289DEA1E008EA269 /* ServerData.swift */,
				D08B0CEF289DE6C0008EA269 /* ChargeData.swift */,
				D08B0CF2289DE6C0008EA269 /* LocationData.swift */,
				D08B0CEE289DE6C0008EA269 /* StatusData.swift */,
				D08B0CF0289DE6C0008EA269 /* TokenData.swift */,
				D08B0CF1289DE6C0008EA269 /* VehicleData.swift */,
			);
			path = Models;
			sourceTree = "<group>";
		};
		D08B0CFC289DEA94008EA269 /* Helpers */ = {
			isa = PBXGroup;
			children = (
				D08B0CFD289DEAD0008EA269 /* KeychainService.swift */,
				D08B0CFE289DEAD0008EA269 /* TimeConvert.swift */,
			);
			path = Helpers;
			sourceTree = "<group>";
		};
/* End PBXGroup section */

/* Begin PBXNativeTarget section */
		D08B0CCE289DDCCC008EA269 /* OVMS-Watch */ = {
			isa = PBXNativeTarget;
			buildConfigurationList = D08B0CE9289DDCCF008EA269 /* Build configuration list for PBXNativeTarget "OVMS-Watch" */;
			buildPhases = (
				D08B0CCD289DDCCC008EA269 /* Resources */,
				D08B0CE8289DDCCF008EA269 /* Embed Watch Content */,
			);
			buildRules = (
			);
			dependencies = (
				D08B0CD8289DDCCC008EA269 /* PBXTargetDependency */,
			);
			name = "OVMS-Watch";
			productName = "OVMS-Watch";
			productReference = D08B0CCF289DDCCC008EA269 /* OVMS-Watch.app */;
			productType = "com.apple.product-type.application.watchapp2-container";
		};
		D08B0CD4289DDCCC008EA269 /* OVMS-Watch Watch App */ = {
			isa = PBXNativeTarget;
			buildConfigurationList = D08B0CE5289DDCCF008EA269 /* Build configuration list for PBXNativeTarget "OVMS-Watch Watch App" */;
			buildPhases = (
				D08B0CD1289DDCCC008EA269 /* Sources */,
				D08B0CD2289DDCCC008EA269 /* Frameworks */,
				D08B0CD3289DDCCC008EA269 /* Resources */,
			);
			buildRules = (
			);
			dependencies = (
			);
			name = "OVMS-Watch Watch App";
			productName = "OVMS-Watch Watch App";
			productReference = D08B0CD5289DDCCC008EA269 /* OVMS-Watch Watch App.app */;
			productType = "com.apple.product-type.application";
		};
/* End PBXNativeTarget section */

/* Begin PBXProject section */
		D08B0CC9289DDCCC008EA269 /* Project object */ = {
			isa = PBXProject;
			attributes = {
				BuildIndependentTargetsInParallel = 1;
				LastSwiftUpdateCheck = 1400;
				LastUpgradeCheck = 1400;
				TargetAttributes = {
					D08B0CCE289DDCCC008EA269 = {
						CreatedOnToolsVersion = 14.0;
					};
					D08B0CD4289DDCCC008EA269 = {
						CreatedOnToolsVersion = 14.0;
					};
				};
			};
			buildConfigurationList = D08B0CCC289DDCCC008EA269 /* Build configuration list for PBXProject "OVMS-Watch" */;
			compatibilityVersion = "Xcode 14.0";
			developmentRegion = en;
			hasScannedForEncodings = 0;
			knownRegions = (
				en,
				Base,
			);
			mainGroup = D08B0CC8289DDCCC008EA269;
			productRefGroup = D08B0CD0289DDCCC008EA269 /* Products */;
			projectDirPath = "";
			projectRoot = "";
			targets = (
				D08B0CCE289DDCCC008EA269 /* OVMS-Watch */,
				D08B0CD4289DDCCC008EA269 /* OVMS-Watch Watch App */,
			);
		};
/* End PBXProject section */

/* Begin PBXResourcesBuildPhase section */
		D08B0CCD289DDCCC008EA269 /* Resources */ = {
			isa = PBXResourcesBuildPhase;
			buildActionMask = 2147483647;
			files = (
			);
			runOnlyForDeploymentPostprocessing = 0;
		};
		D08B0CD3289DDCCC008EA269 /* Resources */ = {
			isa = PBXResourcesBuildPhase;
			buildActionMask = 2147483647;
			files = (
				D08B0CE2289DDCCF008EA269 /* Preview Assets.xcassets in Resources */,
				D08B0CDF289DDCCF008EA269 /* Assets.xcassets in Resources */,
			);
			runOnlyForDeploymentPostprocessing = 0;
		};
/* End PBXResourcesBuildPhase section */

/* Begin PBXSourcesBuildPhase section */
		D08B0CD1289DDCCC008EA269 /* Sources */ = {
			isa = PBXSourcesBuildPhase;
			buildActionMask = 2147483647;
			files = (
				D08B0CF6289DE6C1008EA269 /* TokenData.swift in Sources */,
				D08B0D02289DF061008EA269 /* ProgressBar.swift in Sources */,
				D08B0CDD289DDCCD008EA269 /* ContentView.swift in Sources */,
				D08B0D00289DEAD0008EA269 /* TimeConvert.swift in Sources */,
				D08B0CF7289DE6C1008EA269 /* VehicleData.swift in Sources */,
				D08B0CDB289DDCCC008EA269 /* OVMS_WatchApp.swift in Sources */,
				D08B0CFB289DEA1E008EA269 /* ServerData.swift in Sources */,
				D08B0CFF289DEAD0008EA269 /* KeychainService.swift in Sources */,
				D08B0CF8289DE6C1008EA269 /* LocationData.swift in Sources */,
				D08B0D04289DF29F008EA269 /* SubView.swift in Sources */,
				D08B0CF4289DE6C1008EA269 /* StatusData.swift in Sources */,
				D08B0CF5289DE6C1008EA269 /* ChargeData.swift in Sources */,
			);
			runOnlyForDeploymentPostprocessing = 0;
		};
/* End PBXSourcesBuildPhase section */

/* Begin PBXTargetDependency section */
		D08B0CD8289DDCCC008EA269 /* PBXTargetDependency */ = {
			isa = PBXTargetDependency;
			target = D08B0CD4289DDCCC008EA269 /* OVMS-Watch Watch App */;
			targetProxy = D08B0CD7289DDCCC008EA269 /* PBXContainerItemProxy */;
		};
/* End PBXTargetDependency section */

/* Begin XCBuildConfiguration section */
		D08B0CE3289DDCCF008EA269 /* Debug */ = {
			isa = XCBuildConfiguration;
			buildSettings = {
				ALWAYS_SEARCH_USER_PATHS = NO;
				CLANG_ANALYZER_NONNULL = YES;
				CLANG_ANALYZER_NUMBER_OBJECT_CONVERSION = YES_AGGRESSIVE;
				CLANG_CXX_LANGUAGE_STANDARD = "gnu++20";
				CLANG_ENABLE_MODULES = YES;
				CLANG_ENABLE_OBJC_ARC = YES;
				CLANG_ENABLE_OBJC_WEAK = YES;
				CLANG_WARN_BLOCK_CAPTURE_AUTORELEASING = YES;
				CLANG_WARN_BOOL_CONVERSION = YES;
				CLANG_WARN_COMMA = YES;
				CLANG_WARN_CONSTANT_CONVERSION = YES;
				CLANG_WARN_DEPRECATED_OBJC_IMPLEMENTATIONS = YES;
				CLANG_WARN_DIRECT_OBJC_ISA_USAGE = YES_ERROR;
				CLANG_WARN_DOCUMENTATION_COMMENTS = YES;
				CLANG_WARN_EMPTY_BODY = YES;
				CLANG_WARN_ENUM_CONVERSION = YES;
				CLANG_WARN_INFINITE_RECURSION = YES;
				CLANG_WARN_INT_CONVERSION = YES;
				CLANG_WARN_NON_LITERAL_NULL_CONVERSION = YES;
				CLANG_WARN_OBJC_IMPLICIT_RETAIN_SELF = YES;
				CLANG_WARN_OBJC_LITERAL_CONVERSION = YES;
				CLANG_WARN_OBJC_ROOT_CLASS = YES_ERROR;
				CLANG_WARN_QUOTED_INCLUDE_IN_FRAMEWORK_HEADER = YES;
				CLANG_WARN_RANGE_LOOP_ANALYSIS = YES;
				CLANG_WARN_STRICT_PROTOTYPES = YES;
				CLANG_WARN_SUSPICIOUS_MOVE = YES;
				CLANG_WARN_UNGUARDED_AVAILABILITY = YES_AGGRESSIVE;
				CLANG_WARN_UNREACHABLE_CODE = YES;
				CLANG_WARN__DUPLICATE_METHOD_MATCH = YES;
				COPY_PHASE_STRIP = NO;
				DEBUG_INFORMATION_FORMAT = dwarf;
				ENABLE_STRICT_OBJC_MSGSEND = YES;
				ENABLE_TESTABILITY = YES;
				GCC_C_LANGUAGE_STANDARD = gnu11;
				GCC_DYNAMIC_NO_PIC = NO;
				GCC_NO_COMMON_BLOCKS = YES;
				GCC_OPTIMIZATION_LEVEL = 0;
				GCC_PREPROCESSOR_DEFINITIONS = (
					"DEBUG=1",
					"$(inherited)",
				);
				GCC_WARN_64_TO_32_BIT_CONVERSION = YES;
				GCC_WARN_ABOUT_RETURN_TYPE = YES_ERROR;
				GCC_WARN_UNDECLARED_SELECTOR = YES;
				GCC_WARN_UNINITIALIZED_AUTOS = YES_AGGRESSIVE;
				GCC_WARN_UNUSED_FUNCTION = YES;
				GCC_WARN_UNUSED_VARIABLE = YES;
				MTL_ENABLE_DEBUG_INFO = INCLUDE_SOURCE;
				MTL_FAST_MATH = YES;
				ONLY_ACTIVE_ARCH = YES;
				SWIFT_ACTIVE_COMPILATION_CONDITIONS = DEBUG;
				SWIFT_OPTIMIZATION_LEVEL = "-Onone";
			};
			name = Debug;
		};
		D08B0CE4289DDCCF008EA269 /* Release */ = {
			isa = XCBuildConfiguration;
			buildSettings = {
				ALWAYS_SEARCH_USER_PATHS = NO;
				CLANG_ANALYZER_NONNULL = YES;
				CLANG_ANALYZER_NUMBER_OBJECT_CONVERSION = YES_AGGRESSIVE;
				CLANG_CXX_LANGUAGE_STANDARD = "gnu++20";
				CLANG_ENABLE_MODULES = YES;
				CLANG_ENABLE_OBJC_ARC = YES;
				CLANG_ENABLE_OBJC_WEAK = YES;
				CLANG_WARN_BLOCK_CAPTURE_AUTORELEASING = YES;
				CLANG_WARN_BOOL_CONVERSION = YES;
				CLANG_WARN_COMMA = YES;
				CLANG_WARN_CONSTANT_CONVERSION = YES;
				CLANG_WARN_DEPRECATED_OBJC_IMPLEMENTATIONS = YES;
				CLANG_WARN_DIRECT_OBJC_ISA_USAGE = YES_ERROR;
				CLANG_WARN_DOCUMENTATION_COMMENTS = YES;
				CLANG_WARN_EMPTY_BODY = YES;
				CLANG_WARN_ENUM_CONVERSION = YES;
				CLANG_WARN_INFINITE_RECURSION = YES;
				CLANG_WARN_INT_CONVERSION = YES;
				CLANG_WARN_NON_LITERAL_NULL_CONVERSION = YES;
				CLANG_WARN_OBJC_IMPLICIT_RETAIN_SELF = YES;
				CLANG_WARN_OBJC_LITERAL_CONVERSION = YES;
				CLANG_WARN_OBJC_ROOT_CLASS = YES_ERROR;
				CLANG_WARN_QUOTED_INCLUDE_IN_FRAMEWORK_HEADER = YES;
				CLANG_WARN_RANGE_LOOP_ANALYSIS = YES;
				CLANG_WARN_STRICT_PROTOTYPES = YES;
				CLANG_WARN_SUSPICIOUS_MOVE = YES;
				CLANG_WARN_UNGUARDED_AVAILABILITY = YES_AGGRESSIVE;
				CLANG_WARN_UNREACHABLE_CODE = YES;
				CLANG_WARN__DUPLICATE_METHOD_MATCH = YES;
				COPY_PHASE_STRIP = NO;
				DEBUG_INFORMATION_FORMAT = "dwarf-with-dsym";
				ENABLE_NS_ASSERTIONS = NO;
				ENABLE_STRICT_OBJC_MSGSEND = YES;
				GCC_C_LANGUAGE_STANDARD = gnu11;
				GCC_NO_COMMON_BLOCKS = YES;
				GCC_WARN_64_TO_32_BIT_CONVERSION = YES;
				GCC_WARN_ABOUT_RETURN_TYPE = YES_ERROR;
				GCC_WARN_UNDECLARED_SELECTOR = YES;
				GCC_WARN_UNINITIALIZED_AUTOS = YES_AGGRESSIVE;
				GCC_WARN_UNUSED_FUNCTION = YES;
				GCC_WARN_UNUSED_VARIABLE = YES;
				MTL_ENABLE_DEBUG_INFO = NO;
				MTL_FAST_MATH = YES;
				SWIFT_COMPILATION_MODE = wholemodule;
				SWIFT_OPTIMIZATION_LEVEL = "-O";
			};
			name = Release;
		};
		D08B0CE6289DDCCF008EA269 /* Debug */ = {
			isa = XCBuildConfiguration;
			buildSettings = {
				ASSETCATALOG_COMPILER_APPICON_NAME = AppIcon;
				ASSETCATALOG_COMPILER_GLOBAL_ACCENT_COLOR_NAME = AccentColor;
				CODE_SIGN_STYLE = Automatic;
				CURRENT_PROJECT_VERSION = 1;
				DEVELOPMENT_ASSET_PATHS = "\"OVMS-Watch Watch App/Preview Content\"";
				DEVELOPMENT_TEAM = KNRM248MZK;
				ENABLE_PREVIEWS = YES;
				GENERATE_INFOPLIST_FILE = YES;
				INFOPLIST_KEY_CFBundleDisplayName = "OVMS-Watch";
				INFOPLIST_KEY_UISupportedInterfaceOrientations = "UIInterfaceOrientationPortrait UIInterfaceOrientationPortraitUpsideDown";
				INFOPLIST_KEY_WKWatchOnly = YES;
				LD_RUNPATH_SEARCH_PATHS = (
					"$(inherited)",
					"@executable_path/Frameworks",
				);
				MARKETING_VERSION = 1.0;
				PRODUCT_BUNDLE_IDENTIFIER = "au.com.prhenterprises.OVMS-Watch.watchkitapp";
				PRODUCT_NAME = "$(TARGET_NAME)";
				SDKROOT = watchos;
				SKIP_INSTALL = YES;
				SWIFT_EMIT_LOC_STRINGS = YES;
				SWIFT_VERSION = 5.0;
				TARGETED_DEVICE_FAMILY = 4;
				WATCHOS_DEPLOYMENT_TARGET = 9.0;
			};
			name = Debug;
		};
		D08B0CE7289DDCCF008EA269 /* Release */ = {
			isa = XCBuildConfiguration;
			buildSettings = {
				ASSETCATALOG_COMPILER_APPICON_NAME = AppIcon;
				ASSETCATALOG_COMPILER_GLOBAL_ACCENT_COLOR_NAME = AccentColor;
				CODE_SIGN_STYLE = Automatic;
				CURRENT_PROJECT_VERSION = 1;
				DEVELOPMENT_ASSET_PATHS = "\"OVMS-Watch Watch App/Preview Content\"";
				DEVELOPMENT_TEAM = KNRM248MZK;
				ENABLE_PREVIEWS = YES;
				GENERATE_INFOPLIST_FILE = YES;
				INFOPLIST_KEY_CFBundleDisplayName = "OVMS-Watch";
				INFOPLIST_KEY_UISupportedInterfaceOrientations = "UIInterfaceOrientationPortrait UIInterfaceOrientationPortraitUpsideDown";
				INFOPLIST_KEY_WKWatchOnly = YES;
				LD_RUNPATH_SEARCH_PATHS = (
					"$(inherited)",
					"@executable_path/Frameworks",
				);
				MARKETING_VERSION = 1.0;
				PRODUCT_BUNDLE_IDENTIFIER = "au.com.prhenterprises.OVMS-Watch.watchkitapp";
				PRODUCT_NAME = "$(TARGET_NAME)";
				SDKROOT = watchos;
				SKIP_INSTALL = YES;
				SWIFT_EMIT_LOC_STRINGS = YES;
				SWIFT_VERSION = 5.0;
				TARGETED_DEVICE_FAMILY = 4;
				VALIDATE_PRODUCT = YES;
				WATCHOS_DEPLOYMENT_TARGET = 9.0;
			};
			name = Release;
		};
		D08B0CEA289DDCCF008EA269 /* Debug */ = {
			isa = XCBuildConfiguration;
			buildSettings = {
				ALWAYS_EMBED_SWIFT_STANDARD_LIBRARIES = YES;
				CODE_SIGN_STYLE = Automatic;
				CURRENT_PROJECT_VERSION = 1;
				DEVELOPMENT_TEAM = KNRM248MZK;
				INFOPLIST_KEY_CFBundleDisplayName = "OVMS-Watch";
				MARKETING_VERSION = 1.0;
				PRODUCT_BUNDLE_IDENTIFIER = "au.com.prhenterprises.OVMS-Watch";
				PRODUCT_NAME = "$(TARGET_NAME)";
				SDKROOT = iphoneos;
				SWIFT_VERSION = 5.0;
			};
			name = Debug;
		};
		D08B0CEB289DDCCF008EA269 /* Release */ = {
			isa = XCBuildConfiguration;
			buildSettings = {
				ALWAYS_EMBED_SWIFT_STANDARD_LIBRARIES = YES;
				CODE_SIGN_STYLE = Automatic;
				CURRENT_PROJECT_VERSION = 1;
				DEVELOPMENT_TEAM = KNRM248MZK;
				INFOPLIST_KEY_CFBundleDisplayName = "OVMS-Watch";
				MARKETING_VERSION = 1.0;
				PRODUCT_BUNDLE_IDENTIFIER = "au.com.prhenterprises.OVMS-Watch";
				PRODUCT_NAME = "$(TARGET_NAME)";
				SDKROOT = iphoneos;
				SWIFT_VERSION = 5.0;
				VALIDATE_PRODUCT = YES;
			};
			name = Release;
		};
/* End XCBuildConfiguration section */

/* Begin XCConfigurationList section */
		D08B0CCC289DDCCC008EA269 /* Build configuration list for PBXProject "OVMS-Watch" */ = {
			isa = XCConfigurationList;
			buildConfigurations = (
				D08B0CE3289DDCCF008EA269 /* Debug */,
				D08B0CE4289DDCCF008EA269 /* Release */,
			);
			defaultConfigurationIsVisible = 0;
			defaultConfigurationName = Release;
		};
		D08B0CE5289DDCCF008EA269 /* Build configuration list for PBXNativeTarget "OVMS-Watch Watch App" */ = {
			isa = XCConfigurationList;
			buildConfigurations = (
				D08B0CE6289DDCCF008EA269 /* Debug */,
				D08B0CE7289DDCCF008EA269 /* Release */,
			);
			defaultConfigurationIsVisible = 0;
			defaultConfigurationName = Release;
		};
		D08B0CE9289DDCCF008EA269 /* Build configuration list for PBXNativeTarget "OVMS-Watch" */ = {
			isa = XCConfigurationList;
			buildConfigurations = (
				D08B0CEA289DDCCF008EA269 /* Debug */,
				D08B0CEB289DDCCF008EA269 /* Release */,
			);
			defaultConfigurationIsVisible = 0;
			defaultConfigurationName = Release;
		};
/* End XCConfigurationList section */
	};
	rootObject = D08B0CC9289DDCCC008EA269 /* Project object */;
}
